// !$*UTF8*$!
{
	archiveVersion = 1;
	classes = {
	};
	objectVersion = 55;
	objects = {

/* Begin PBXBuildFile section */
		982B9D252874BB7D003D3AD3 /* BerilioUI in Frameworks */ = {isa = PBXBuildFile; productRef = 982B9D242874BB7D003D3AD3 /* BerilioUI */; };
		982B9D2D28765583003D3AD3 /* DemoBoard.swift in Sources */ = {isa = PBXBuildFile; fileRef = 982B9D2C28765583003D3AD3 /* DemoBoard.swift */; };
		982B9D2F2877252E003D3AD3 /* DemoSpace.swift in Sources */ = {isa = PBXBuildFile; fileRef = 982B9D2E2877252E003D3AD3 /* DemoSpace.swift */; };
		982B9D352878865F003D3AD3 /* CardType.swift in Sources */ = {isa = PBXBuildFile; fileRef = 982B9D342878865F003D3AD3 /* CardType.swift */; };
		982B9D37287886A7003D3AD3 /* CardAttribute.swift in Sources */ = {isa = PBXBuildFile; fileRef = 982B9D36287886A6003D3AD3 /* CardAttribute.swift */; };
		982B9D3928788714003D3AD3 /* DemoCardView.swift in Sources */ = {isa = PBXBuildFile; fileRef = 982B9D3828788714003D3AD3 /* DemoCardView.swift */; };
		982B9D3B28788748003D3AD3 /* DemoCard.swift in Sources */ = {isa = PBXBuildFile; fileRef = 982B9D3A28788748003D3AD3 /* DemoCard.swift */; };
		982B9D3D2878880E003D3AD3 /* DemoCardFace.swift in Sources */ = {isa = PBXBuildFile; fileRef = 982B9D3C2878880E003D3AD3 /* DemoCardFace.swift */; };
		982B9D3F287889FE003D3AD3 /* DemoCardFaceView.swift in Sources */ = {isa = PBXBuildFile; fileRef = 982B9D3E287889FE003D3AD3 /* DemoCardFaceView.swift */; };
		98E34CB92874907B00930789 /* CardibbeanApp.swift in Sources */ = {isa = PBXBuildFile; fileRef = 98E34CB82874907B00930789 /* CardibbeanApp.swift */; };
		98E34CBB2874907B00930789 /* ContentView.swift in Sources */ = {isa = PBXBuildFile; fileRef = 98E34CBA2874907B00930789 /* ContentView.swift */; };
		98E34CBD2874907C00930789 /* Assets.xcassets in Resources */ = {isa = PBXBuildFile; fileRef = 98E34CBC2874907C00930789 /* Assets.xcassets */; };
		98E34CC02874907C00930789 /* Preview Assets.xcassets in Resources */ = {isa = PBXBuildFile; fileRef = 98E34CBF2874907C00930789 /* Preview Assets.xcassets */; };
		98E34CCA287490D300930789 /* Emerald in Frameworks */ = {isa = PBXBuildFile; productRef = 98E34CC9287490D300930789 /* Emerald */; };
/* End PBXBuildFile section */

/* Begin PBXFileReference section */
		982B9D232874BB6C003D3AD3 /* BerilioUI */ = {isa = PBXFileReference; lastKnownFileType = wrapper; path = BerilioUI; sourceTree = "<group>"; };
		982B9D2C28765583003D3AD3 /* DemoBoard.swift */ = {isa = PBXFileReference; lastKnownFileType = sourcecode.swift; name = DemoBoard.swift; path = Source/DemoBoard.swift; sourceTree = "<group>"; };
		982B9D2E2877252E003D3AD3 /* DemoSpace.swift */ = {isa = PBXFileReference; lastKnownFileType = sourcecode.swift; name = DemoSpace.swift; path = Source/DemoSpace.swift; sourceTree = "<group>"; };
		982B9D342878865F003D3AD3 /* CardType.swift */ = {isa = PBXFileReference; lastKnownFileType = sourcecode.swift; name = CardType.swift; path = Source/CardType.swift; sourceTree = "<group>"; };
		982B9D36287886A6003D3AD3 /* CardAttribute.swift */ = {isa = PBXFileReference; lastKnownFileType = sourcecode.swift; name = CardAttribute.swift; path = Source/CardAttribute.swift; sourceTree = "<group>"; };
		982B9D3828788714003D3AD3 /* DemoCardView.swift */ = {isa = PBXFileReference; lastKnownFileType = sourcecode.swift; name = DemoCardView.swift; path = Source/DemoCardView.swift; sourceTree = "<group>"; };
		982B9D3A28788748003D3AD3 /* DemoCard.swift */ = {isa = PBXFileReference; fileEncoding = 4; lastKnownFileType = sourcecode.swift; name = DemoCard.swift; path = Source/DemoCard.swift; sourceTree = "<group>"; };
		982B9D3C2878880E003D3AD3 /* DemoCardFace.swift */ = {isa = PBXFileReference; lastKnownFileType = sourcecode.swift; name = DemoCardFace.swift; path = Source/DemoCardFace.swift; sourceTree = "<group>"; };
		982B9D3E287889FE003D3AD3 /* DemoCardFaceView.swift */ = {isa = PBXFileReference; lastKnownFileType = sourcecode.swift; name = DemoCardFaceView.swift; path = Source/DemoCardFaceView.swift; sourceTree = "<group>"; };
		98E34CB52874907B00930789 /* Cardibbean.app */ = {isa = PBXFileReference; explicitFileType = wrapper.application; includeInIndex = 0; path = Cardibbean.app; sourceTree = BUILT_PRODUCTS_DIR; };
		98E34CB82874907B00930789 /* CardibbeanApp.swift */ = {isa = PBXFileReference; lastKnownFileType = sourcecode.swift; path = CardibbeanApp.swift; sourceTree = "<group>"; };
		98E34CBA2874907B00930789 /* ContentView.swift */ = {isa = PBXFileReference; lastKnownFileType = sourcecode.swift; path = ContentView.swift; sourceTree = "<group>"; };
		98E34CBC2874907C00930789 /* Assets.xcassets */ = {isa = PBXFileReference; lastKnownFileType = folder.assetcatalog; path = Assets.xcassets; sourceTree = "<group>"; };
		98E34CBF2874907C00930789 /* Preview Assets.xcassets */ = {isa = PBXFileReference; lastKnownFileType = folder.assetcatalog; path = "Preview Assets.xcassets"; sourceTree = "<group>"; };
		98E34CC7287490CC00930789 /* Emerald */ = {isa = PBXFileReference; lastKnownFileType = wrapper; path = Emerald; sourceTree = "<group>"; };
/* End PBXFileReference section */

/* Begin PBXFrameworksBuildPhase section */
		98E34CB22874907B00930789 /* Frameworks */ = {
			isa = PBXFrameworksBuildPhase;
			buildActionMask = 2147483647;
			files = (
				98E34CCA287490D300930789 /* Emerald in Frameworks */,
				982B9D252874BB7D003D3AD3 /* BerilioUI in Frameworks */,
			);
			runOnlyForDeploymentPostprocessing = 0;
		};
/* End PBXFrameworksBuildPhase section */

/* Begin PBXGroup section */
		982B9D322878864D003D3AD3 /* Board */ = {
			isa = PBXGroup;
			children = (
				982B9D3328788653003D3AD3 /* Card */,
			);
			name = Board;
			sourceTree = "<group>";
		};
		982B9D3328788653003D3AD3 /* Card */ = {
			isa = PBXGroup;
			children = (
				982B9D3A28788748003D3AD3 /* DemoCard.swift */,
				982B9D3E287889FE003D3AD3 /* DemoCardFaceView.swift */,
				982B9D3C2878880E003D3AD3 /* DemoCardFace.swift */,
				982B9D3828788714003D3AD3 /* DemoCardView.swift */,
				982B9D342878865F003D3AD3 /* CardType.swift */,
				982B9D36287886A6003D3AD3 /* CardAttribute.swift */,
			);
			name = Card;
			sourceTree = "<group>";
		};
		98E34CAC2874907B00930789 = {
			isa = PBXGroup;
			children = (
				98E34CC6287490CC00930789 /* Packages */,
				98E34CB72874907B00930789 /* Cardibbean */,
				98E34CB62874907B00930789 /* Products */,
				98E34CC8287490D300930789 /* Frameworks */,
			);
			sourceTree = "<group>";
		};
		98E34CB62874907B00930789 /* Products */ = {
			isa = PBXGroup;
			children = (
				98E34CB52874907B00930789 /* Cardibbean.app */,
			);
			name = Products;
			sourceTree = "<group>";
		};
		98E34CB72874907B00930789 /* Cardibbean */ = {
			isa = PBXGroup;
			children = (
				98E34CB82874907B00930789 /* CardibbeanApp.swift */,
				98E34CBA2874907B00930789 /* ContentView.swift */,
				982B9D2E2877252E003D3AD3 /* DemoSpace.swift */,
				982B9D322878864D003D3AD3 /* Board */,
				982B9D2C28765583003D3AD3 /* DemoBoard.swift */,
				98E34CBC2874907C00930789 /* Assets.xcassets */,
				98E34CBE2874907C00930789 /* Preview Content */,
			);
			path = Cardibbean;
			sourceTree = "<group>";
		};
		98E34CBE2874907C00930789 /* Preview Content */ = {
			isa = PBXGroup;
			children = (
				98E34CBF2874907C00930789 /* Preview Assets.xcassets */,
			);
			path = "Preview Content";
			sourceTree = "<group>";
		};
		98E34CC6287490CC00930789 /* Packages */ = {
			isa = PBXGroup;
			children = (
				98E34CC7287490CC00930789 /* Emerald */,
				982B9D232874BB6C003D3AD3 /* BerilioUI */,
			);
			name = Packages;
			sourceTree = "<group>";
		};
		98E34CC8287490D300930789 /* Frameworks */ = {
			isa = PBXGroup;
			children = (
			);
			name = Frameworks;
			sourceTree = "<group>";
		};
/* End PBXGroup section */

/* Begin PBXNativeTarget section */
		98E34CB42874907B00930789 /* Cardibbean */ = {
			isa = PBXNativeTarget;
			buildConfigurationList = 98E34CC32874907C00930789 /* Build configuration list for PBXNativeTarget "Cardibbean" */;
			buildPhases = (
				98E34CB12874907B00930789 /* Sources */,
				98E34CB22874907B00930789 /* Frameworks */,
				98E34CB32874907B00930789 /* Resources */,
			);
			buildRules = (
			);
			dependencies = (
			);
			name = Cardibbean;
			packageProductDependencies = (
				98E34CC9287490D300930789 /* Emerald */,
				982B9D242874BB7D003D3AD3 /* BerilioUI */,
			);
			productName = Cardibbean;
			productReference = 98E34CB52874907B00930789 /* Cardibbean.app */;
			productType = "com.apple.product-type.application";
		};
/* End PBXNativeTarget section */

/* Begin PBXProject section */
		98E34CAD2874907B00930789 /* Project object */ = {
			isa = PBXProject;
			attributes = {
				BuildIndependentTargetsInParallel = 1;
				LastSwiftUpdateCheck = 1320;
				LastUpgradeCheck = 1320;
				TargetAttributes = {
					98E34CB42874907B00930789 = {
						CreatedOnToolsVersion = 13.2.1;
					};
				};
			};
			buildConfigurationList = 98E34CB02874907B00930789 /* Build configuration list for PBXProject "Cardibbean" */;
			compatibilityVersion = "Xcode 13.0";
			developmentRegion = en;
			hasScannedForEncodings = 0;
			knownRegions = (
				en,
				Base,
			);
			mainGroup = 98E34CAC2874907B00930789;
			productRefGroup = 98E34CB62874907B00930789 /* Products */;
			projectDirPath = "";
			projectRoot = "";
			targets = (
				98E34CB42874907B00930789 /* Cardibbean */,
			);
		};
/* End PBXProject section */

/* Begin PBXResourcesBuildPhase section */
		98E34CB32874907B00930789 /* Resources */ = {
			isa = PBXResourcesBuildPhase;
			buildActionMask = 2147483647;
			files = (
				98E34CC02874907C00930789 /* Preview Assets.xcassets in Resources */,
				98E34CBD2874907C00930789 /* Assets.xcassets in Resources */,
			);
			runOnlyForDeploymentPostprocessing = 0;
		};
/* End PBXResourcesBuildPhase section */

/* Begin PBXSourcesBuildPhase section */
		98E34CB12874907B00930789 /* Sources */ = {
			isa = PBXSourcesBuildPhase;
			buildActionMask = 2147483647;
			files = (
				982B9D3D2878880E003D3AD3 /* DemoCardFace.swift in Sources */,
				982B9D3B28788748003D3AD3 /* DemoCard.swift in Sources */,
				98E34CBB2874907B00930789 /* ContentView.swift in Sources */,
				982B9D352878865F003D3AD3 /* CardType.swift in Sources */,
				982B9D2F2877252E003D3AD3 /* DemoSpace.swift in Sources */,
				98E34CB92874907B00930789 /* CardibbeanApp.swift in Sources */,
				982B9D2D28765583003D3AD3 /* DemoBoard.swift in Sources */,
				982B9D37287886A7003D3AD3 /* CardAttribute.swift in Sources */,
				982B9D3F287889FE003D3AD3 /* DemoCardFaceView.swift in Sources */,
				982B9D3928788714003D3AD3 /* DemoCardView.swift in Sources */,
			);
			runOnlyForDeploymentPostprocessing = 0;
		};
/* End PBXSourcesBuildPhase section */

/* Begin XCBuildConfiguration section */
		98E34CC12874907C00930789 /* Debug */ = {
			isa = XCBuildConfiguration;
			buildSettings = {
				ALWAYS_SEARCH_USER_PATHS = NO;
				CLANG_ANALYZER_NONNULL = YES;
				CLANG_ANALYZER_NUMBER_OBJECT_CONVERSION = YES_AGGRESSIVE;
				CLANG_CXX_LANGUAGE_STANDARD = "gnu++17";
				CLANG_CXX_LIBRARY = "libc++";
				CLANG_ENABLE_MODULES = YES;
				CLANG_ENABLE_OBJC_ARC = YES;
				CLANG_ENABLE_OBJC_WEAK = YES;
				CLANG_WARN_BLOCK_CAPTURE_AUTORELEASING = YES;
				CLANG_WARN_BOOL_CONVERSION = YES;
				CLANG_WARN_COMMA = YES;
				CLANG_WARN_CONSTANT_CONVERSION = YES;
				CLANG_WARN_DEPRECATED_OBJC_IMPLEMENTATIONS = YES;
				CLANG_WARN_DIRECT_OBJC_ISA_USAGE = YES_ERROR;
				CLANG_WARN_DOCUMENTATION_COMMENTS = YES;
				CLANG_WARN_EMPTY_BODY = YES;
				CLANG_WARN_ENUM_CONVERSION = YES;
				CLANG_WARN_INFINITE_RECURSION = YES;
				CLANG_WARN_INT_CONVERSION = YES;
				CLANG_WARN_NON_LITERAL_NULL_CONVERSION = YES;
				CLANG_WARN_OBJC_IMPLICIT_RETAIN_SELF = YES;
				CLANG_WARN_OBJC_LITERAL_CONVERSION = YES;
				CLANG_WARN_OBJC_ROOT_CLASS = YES_ERROR;
				CLANG_WARN_QUOTED_INCLUDE_IN_FRAMEWORK_HEADER = YES;
				CLANG_WARN_RANGE_LOOP_ANALYSIS = YES;
				CLANG_WARN_STRICT_PROTOTYPES = YES;
				CLANG_WARN_SUSPICIOUS_MOVE = YES;
				CLANG_WARN_UNGUARDED_AVAILABILITY = YES_AGGRESSIVE;
				CLANG_WARN_UNREACHABLE_CODE = YES;
				CLANG_WARN__DUPLICATE_METHOD_MATCH = YES;
				COPY_PHASE_STRIP = NO;
				DEBUG_INFORMATION_FORMAT = dwarf;
				ENABLE_STRICT_OBJC_MSGSEND = YES;
				ENABLE_TESTABILITY = YES;
				GCC_C_LANGUAGE_STANDARD = gnu11;
				GCC_DYNAMIC_NO_PIC = NO;
				GCC_NO_COMMON_BLOCKS = YES;
				GCC_OPTIMIZATION_LEVEL = 0;
				GCC_PREPROCESSOR_DEFINITIONS = (
					"DEBUG=1",
					"$(inherited)",
				);
				GCC_WARN_64_TO_32_BIT_CONVERSION = YES;
				GCC_WARN_ABOUT_RETURN_TYPE = YES_ERROR;
				GCC_WARN_UNDECLARED_SELECTOR = YES;
				GCC_WARN_UNINITIALIZED_AUTOS = YES_AGGRESSIVE;
				GCC_WARN_UNUSED_FUNCTION = YES;
				GCC_WARN_UNUSED_VARIABLE = YES;
				IPHONEOS_DEPLOYMENT_TARGET = 15.2;
				MTL_ENABLE_DEBUG_INFO = INCLUDE_SOURCE;
				MTL_FAST_MATH = YES;
				ONLY_ACTIVE_ARCH = YES;
				SDKROOT = iphoneos;
				SWIFT_ACTIVE_COMPILATION_CONDITIONS = DEBUG;
				SWIFT_OPTIMIZATION_LEVEL = "-Onone";
			};
			name = Debug;
		};
		98E34CC22874907C00930789 /* Release */ = {
			isa = XCBuildConfiguration;
			buildSettings = {
				ALWAYS_SEARCH_USER_PATHS = NO;
				CLANG_ANALYZER_NONNULL = YES;
				CLANG_ANALYZER_NUMBER_OBJECT_CONVERSION = YES_AGGRESSIVE;
				CLANG_CXX_LANGUAGE_STANDARD = "gnu++17";
				CLANG_CXX_LIBRARY = "libc++";
				CLANG_ENABLE_MODULES = YES;
				CLANG_ENABLE_OBJC_ARC = YES;
				CLANG_ENABLE_OBJC_WEAK = YES;
				CLANG_WARN_BLOCK_CAPTURE_AUTORELEASING = YES;
				CLANG_WARN_BOOL_CONVERSION = YES;
				CLANG_WARN_COMMA = YES;
				CLANG_WARN_CONSTANT_CONVERSION = YES;
				CLANG_WARN_DEPRECATED_OBJC_IMPLEMENTATIONS = YES;
				CLANG_WARN_DIRECT_OBJC_ISA_USAGE = YES_ERROR;
				CLANG_WARN_DOCUMENTATION_COMMENTS = YES;
				CLANG_WARN_EMPTY_BODY = YES;
				CLANG_WARN_ENUM_CONVERSION = YES;
				CLANG_WARN_INFINITE_RECURSION = YES;
				CLANG_WARN_INT_CONVERSION = YES;
				CLANG_WARN_NON_LITERAL_NULL_CONVERSION = YES;
				CLANG_WARN_OBJC_IMPLICIT_RETAIN_SELF = YES;
				CLANG_WARN_OBJC_LITERAL_CONVERSION = YES;
				CLANG_WARN_OBJC_ROOT_CLASS = YES_ERROR;
				CLANG_WARN_QUOTED_INCLUDE_IN_FRAMEWORK_HEADER = YES;
				CLANG_WARN_RANGE_LOOP_ANALYSIS = YES;
				CLANG_WARN_STRICT_PROTOTYPES = YES;
				CLANG_WARN_SUSPICIOUS_MOVE = YES;
				CLANG_WARN_UNGUARDED_AVAILABILITY = YES_AGGRESSIVE;
				CLANG_WARN_UNREACHABLE_CODE = YES;
				CLANG_WARN__DUPLICATE_METHOD_MATCH = YES;
				COPY_PHASE_STRIP = NO;
				DEBUG_INFORMATION_FORMAT = "dwarf-with-dsym";
				ENABLE_NS_ASSERTIONS = NO;
				ENABLE_STRICT_OBJC_MSGSEND = YES;
				GCC_C_LANGUAGE_STANDARD = gnu11;
				GCC_NO_COMMON_BLOCKS = YES;
				GCC_WARN_64_TO_32_BIT_CONVERSION = YES;
				GCC_WARN_ABOUT_RETURN_TYPE = YES_ERROR;
				GCC_WARN_UNDECLARED_SELECTOR = YES;
				GCC_WARN_UNINITIALIZED_AUTOS = YES_AGGRESSIVE;
				GCC_WARN_UNUSED_FUNCTION = YES;
				GCC_WARN_UNUSED_VARIABLE = YES;
				IPHONEOS_DEPLOYMENT_TARGET = 15.2;
				MTL_ENABLE_DEBUG_INFO = NO;
				MTL_FAST_MATH = YES;
				SDKROOT = iphoneos;
				SWIFT_COMPILATION_MODE = wholemodule;
				SWIFT_OPTIMIZATION_LEVEL = "-O";
				VALIDATE_PRODUCT = YES;
			};
			name = Release;
		};
		98E34CC42874907C00930789 /* Debug */ = {
			isa = XCBuildConfiguration;
			buildSettings = {
				ASSETCATALOG_COMPILER_APPICON_NAME = AppIcon;
				ASSETCATALOG_COMPILER_GLOBAL_ACCENT_COLOR_NAME = AccentColor;
				CODE_SIGN_STYLE = Automatic;
				CURRENT_PROJECT_VERSION = 1;
				DEVELOPMENT_ASSET_PATHS = "\"Cardibbean/Preview Content\"";
				DEVELOPMENT_TEAM = 5RLDR367YX;
				ENABLE_PREVIEWS = YES;
				GENERATE_INFOPLIST_FILE = YES;
				INFOPLIST_KEY_UIApplicationSceneManifest_Generation = YES;
				INFOPLIST_KEY_UIApplicationSupportsIndirectInputEvents = YES;
				INFOPLIST_KEY_UILaunchScreen_Generation = YES;
				INFOPLIST_KEY_UISupportedInterfaceOrientations = UIInterfaceOrientationPortrait;
				INFOPLIST_KEY_UISupportedInterfaceOrientations_iPad = "UIInterfaceOrientationPortrait UIInterfaceOrientationPortraitUpsideDown UIInterfaceOrientationLandscapeLeft UIInterfaceOrientationLandscapeRight";
				INFOPLIST_KEY_UISupportedInterfaceOrientations_iPhone = "UIInterfaceOrientationPortrait UIInterfaceOrientationLandscapeLeft UIInterfaceOrientationLandscapeRight";
				INFOPLIST_KEY_UIUserInterfaceStyle = Light;
				IPHONEOS_DEPLOYMENT_TARGET = 15.0;
				LD_RUNPATH_SEARCH_PATHS = (
					"$(inherited)",
					"@executable_path/Frameworks",
				);
				MARKETING_VERSION = 1.0;
				PRODUCT_BUNDLE_IDENTIFIER = io.beril.Cardibbean;
				PRODUCT_NAME = "$(TARGET_NAME)";
				SWIFT_EMIT_LOC_STRINGS = YES;
				SWIFT_VERSION = 5.0;
				TARGETED_DEVICE_FAMILY = 1;
			};
			name = Debug;
		};
		98E34CC52874907C00930789 /* Release */ = {
			isa = XCBuildConfiguration;
			buildSettings = {
				ASSETCATALOG_COMPILER_APPICON_NAME = AppIcon;
				ASSETCATALOG_COMPILER_GLOBAL_ACCENT_COLOR_NAME = AccentColor;
				CODE_SIGN_STYLE = Automatic;
				CURRENT_PROJECT_VERSION = 1;
				DEVELOPMENT_ASSET_PATHS = "\"Cardibbean/Preview Content\"";
				DEVELOPMENT_TEAM = 5RLDR367YX;
				ENABLE_PREVIEWS = YES;
				GENERATE_INFOPLIST_FILE = YES;
				INFOPLIST_KEY_UIApplicationSceneManifest_Generation = YES;
				INFOPLIST_KEY_UIApplicationSupportsIndirectInputEvents = YES;
				INFOPLIST_KEY_UILaunchScreen_Generation = YES;
				INFOPLIST_KEY_UISupportedInterfaceOrientations = UIInterfaceOrientationPortrait;
				INFOPLIST_KEY_UISupportedInterfaceOrientations_iPad = "UIInterfaceOrientationPortrait UIInterfaceOrientationPortraitUpsideDown UIInterfaceOrientationLandscapeLeft UIInterfaceOrientationLandscapeRight";
				INFOPLIST_KEY_UISupportedInterfaceOrientations_iPhone = "UIInterfaceOrientationPortrait UIInterfaceOrientationLandscapeLeft UIInterfaceOrientationLandscapeRight";
				INFOPLIST_KEY_UIUserInterfaceStyle = Light;
				IPHONEOS_DEPLOYMENT_TARGET = 15.0;
				LD_RUNPATH_SEARCH_PATHS = (
					"$(inherited)",
					"@executable_path/Frameworks",
				);
				MARKETING_VERSION = 1.0;
				PRODUCT_BUNDLE_IDENTIFIER = io.beril.Cardibbean;
				PRODUCT_NAME = "$(TARGET_NAME)";
				SWIFT_EMIT_LOC_STRINGS = YES;
				SWIFT_VERSION = 5.0;
				TARGETED_DEVICE_FAMILY = 1;
			};
			name = Release;
		};
/* End XCBuildConfiguration section */

/* Begin XCConfigurationList section */
		98E34CB02874907B00930789 /* Build configuration list for PBXProject "Cardibbean" */ = {
			isa = XCConfigurationList;
			buildConfigurations = (
				98E34CC12874907C00930789 /* Debug */,
				98E34CC22874907C00930789 /* Release */,
			);
			defaultConfigurationIsVisible = 0;
			defaultConfigurationName = Release;
		};
		98E34CC32874907C00930789 /* Build configuration list for PBXNativeTarget "Cardibbean" */ = {
			isa = XCConfigurationList;
			buildConfigurations = (
				98E34CC42874907C00930789 /* Debug */,
				98E34CC52874907C00930789 /* Release */,
			);
			defaultConfigurationIsVisible = 0;
			defaultConfigurationName = Release;
		};
/* End XCConfigurationList section */

/* Begin XCSwiftPackageProductDependency section */
		982B9D242874BB7D003D3AD3 /* BerilioUI */ = {
			isa = XCSwiftPackageProductDependency;
			productName = BerilioUI;
		};
		98E34CC9287490D300930789 /* Emerald */ = {
			isa = XCSwiftPackageProductDependency;
			productName = Emerald;
		};
/* End XCSwiftPackageProductDependency section */
	};
	rootObject = 98E34CAD2874907B00930789 /* Project object */;
}
